
Microsoft Visual Studio Solution File, Format Version 12.00
# Visual Studio Version 16
VisualStudioVersion = 16.0.31019.35
MinimumVisualStudioVersion = 10.0.40219.1
Project("{FAE04EC0-301F-11D3-BF4B-00C04F79EFBC}") = "TourPlanner", "TourPlanner.csproj", "{DB2F284D-533F-40BF-8487-6AE410E00C2E}"
EndProject
Global
	GlobalSection(SolutionConfigurationPlatforms) = preSolution
		Debug|Any CPU = Debug|Any CPU
		Release|Any CPU = Release|Any CPU
	EndGlobalSection
	GlobalSection(ProjectConfigurationPlatforms) = postSolution
		{DB2F284D-533F-40BF-8487-6AE410E00C2E}.Debug|Any CPU.ActiveCfg = Debug|Any CPU
		{DB2F284D-533F-40BF-8487-6AE410E00C2E}.Debug|Any CPU.Build.0 = Debug|Any CPU
		{DB2F284D-533F-40BF-8487-6AE410E00C2E}.Release|Any CPU.ActiveCfg = Release|Any CPU
		{DB2F284D-533F-40BF-8487-6AE410E00C2E}.Release|Any CPU.Build.0 = Release|Any CPU
	EndGlobalSection
	GlobalSection(SolutionProperties) = preSolution
		HideSolutionNode = FALSE
	EndGlobalSection
	GlobalSection(ExtensibilityGlobals) = postSolution
		SolutionGuid = {6196B4FD-DC04-40E1-BEAB-A89EE9F3FDD9}
	EndGlobalSection
EndGlobal
